
Microsoft Visual Studio Solution File, Format Version 12.00
Project("{FAE04EC0-301F-11D3-BF4B-00C04F79EFBC}") = "SharedKernel.Core", "src\SharedKernel\SharedKernel.Core\SharedKernel.Core.csproj", "{1F4EF299-C911-44B2-83A4-E688D3EC8996}"
EndProject
Project("{2150E333-8FDC-42A3-9474-1A3956D46DE8}") = "SharedKernel", "SharedKernel", "{1BFEC040-0974-41DF-B363-295A926E0357}"
EndProject
Project("{2150E333-8FDC-42A3-9474-1A3956D46DE8}") = "src", "src", "{B08F0A17-F098-4D00-A2AD-49E77148C966}"
EndProject
Project("{2150E333-8FDC-42A3-9474-1A3956D46DE8}") = "SharedKernel.Core", "SharedKernel.Core", "{7F68A04C-29E1-4B3C-B41B-8E6F2DBE12AA}"
EndProject
Project("{2150E333-8FDC-42A3-9474-1A3956D46DE8}") = "Identity", "Identity", "{BAF78C6F-93AA-4E88-AC62-0DC76EF10DD1}"
EndProject
Project("{FAE04EC0-301F-11D3-BF4B-00C04F79EFBC}") = "Identity.Domain", "src\Identity\Identity.Domain\Identity.Domain.csproj", "{2E8D172F-F433-43F4-B74F-E2E3A1C3ED5F}"
EndProject
Project("{FAE04EC0-301F-11D3-BF4B-00C04F79EFBC}") = "SharedKernel.Presentation", "src\SharedKernel\SharedKernel.Presentation\SharedKernel.Presentation.csproj", "{D6497C2A-75BF-4A03-A56E-F7C3F82A482C}"
EndProject
Project("{2150E333-8FDC-42A3-9474-1A3956D46DE8}") = "SharedKernel.Presentation", "SharedKernel.Presentation", "{46862939-EECE-4C4D-9591-FE30E9B7381A}"
EndProject
Project("{FAE04EC0-301F-11D3-BF4B-00C04F79EFBC}") = "Identity.Api", "src\Identity\Identity.Api\Identity.Api.csproj", "{27ADD6AB-1560-41BD-8114-EDB690B8FDA5}"
EndProject
Project("{2150E333-8FDC-42A3-9474-1A3956D46DE8}") = "Identity.Api", "Identity.Api", "{BA81B10E-A8F1-4508-8CA0-AC023248E73B}"
EndProject
Project("{2150E333-8FDC-42A3-9474-1A3956D46DE8}") = "Identity.Domain", "Identity.Domain", "{95EA52E3-9C1F-4F0C-B9E4-9834AA67DCA1}"
EndProject
Project("{2150E333-8FDC-42A3-9474-1A3956D46DE8}") = "SharedKernel.Application", "SharedKernel.Application", "{5249C6AD-569A-426B-93AE-78CC325536D7}"
EndProject
Project("{FAE04EC0-301F-11D3-BF4B-00C04F79EFBC}") = "SharedKernel.Application", "src\SharedKernel\SharedKernel.Application\SharedKernel.Application.csproj", "{AF2169B2-D3AB-44AB-8594-929E8C8B8B30}"
EndProject
Project("{2150E333-8FDC-42A3-9474-1A3956D46DE8}") = "Identity.Application", "Identity.Application", "{7DEF0B2E-C917-44D4-A7D7-07D8C5220594}"
EndProject
Project("{FAE04EC0-301F-11D3-BF4B-00C04F79EFBC}") = "Identity.Application", "src\Identity\Identity.Application\Identity.Application.csproj", "{16F01F4B-2D71-4142-B072-D058F758EE60}"
EndProject
Global
	GlobalSection(SolutionConfigurationPlatforms) = preSolution
		Debug|Any CPU = Debug|Any CPU
		Release|Any CPU = Release|Any CPU
	EndGlobalSection
	GlobalSection(ProjectConfigurationPlatforms) = postSolution
		{1F4EF299-C911-44B2-83A4-E688D3EC8996}.Debug|Any CPU.ActiveCfg = Debug|Any CPU
		{1F4EF299-C911-44B2-83A4-E688D3EC8996}.Debug|Any CPU.Build.0 = Debug|Any CPU
		{1F4EF299-C911-44B2-83A4-E688D3EC8996}.Release|Any CPU.ActiveCfg = Release|Any CPU
		{1F4EF299-C911-44B2-83A4-E688D3EC8996}.Release|Any CPU.Build.0 = Release|Any CPU
		{2E8D172F-F433-43F4-B74F-E2E3A1C3ED5F}.Debug|Any CPU.ActiveCfg = Debug|Any CPU
		{2E8D172F-F433-43F4-B74F-E2E3A1C3ED5F}.Debug|Any CPU.Build.0 = Debug|Any CPU
		{2E8D172F-F433-43F4-B74F-E2E3A1C3ED5F}.Release|Any CPU.ActiveCfg = Release|Any CPU
		{2E8D172F-F433-43F4-B74F-E2E3A1C3ED5F}.Release|Any CPU.Build.0 = Release|Any CPU
		{D6497C2A-75BF-4A03-A56E-F7C3F82A482C}.Debug|Any CPU.ActiveCfg = Debug|Any CPU
		{D6497C2A-75BF-4A03-A56E-F7C3F82A482C}.Debug|Any CPU.Build.0 = Debug|Any CPU
		{D6497C2A-75BF-4A03-A56E-F7C3F82A482C}.Release|Any CPU.ActiveCfg = Release|Any CPU
		{D6497C2A-75BF-4A03-A56E-F7C3F82A482C}.Release|Any CPU.Build.0 = Release|Any CPU
		{27ADD6AB-1560-41BD-8114-EDB690B8FDA5}.Debug|Any CPU.ActiveCfg = Debug|Any CPU
		{27ADD6AB-1560-41BD-8114-EDB690B8FDA5}.Debug|Any CPU.Build.0 = Debug|Any CPU
		{27ADD6AB-1560-41BD-8114-EDB690B8FDA5}.Release|Any CPU.ActiveCfg = Release|Any CPU
		{27ADD6AB-1560-41BD-8114-EDB690B8FDA5}.Release|Any CPU.Build.0 = Release|Any CPU
		{AF2169B2-D3AB-44AB-8594-929E8C8B8B30}.Debug|Any CPU.ActiveCfg = Debug|Any CPU
		{AF2169B2-D3AB-44AB-8594-929E8C8B8B30}.Debug|Any CPU.Build.0 = Debug|Any CPU
		{AF2169B2-D3AB-44AB-8594-929E8C8B8B30}.Release|Any CPU.ActiveCfg = Release|Any CPU
		{AF2169B2-D3AB-44AB-8594-929E8C8B8B30}.Release|Any CPU.Build.0 = Release|Any CPU
		{16F01F4B-2D71-4142-B072-D058F758EE60}.Debug|Any CPU.ActiveCfg = Debug|Any CPU
		{16F01F4B-2D71-4142-B072-D058F758EE60}.Debug|Any CPU.Build.0 = Debug|Any CPU
		{16F01F4B-2D71-4142-B072-D058F758EE60}.Release|Any CPU.ActiveCfg = Release|Any CPU
		{16F01F4B-2D71-4142-B072-D058F758EE60}.Release|Any CPU.Build.0 = Release|Any CPU
	EndGlobalSection
	GlobalSection(NestedProjects) = preSolution
		{1BFEC040-0974-41DF-B363-295A926E0357} = {B08F0A17-F098-4D00-A2AD-49E77148C966}
		{7F68A04C-29E1-4B3C-B41B-8E6F2DBE12AA} = {1BFEC040-0974-41DF-B363-295A926E0357}
		{1F4EF299-C911-44B2-83A4-E688D3EC8996} = {7F68A04C-29E1-4B3C-B41B-8E6F2DBE12AA}
		{BAF78C6F-93AA-4E88-AC62-0DC76EF10DD1} = {B08F0A17-F098-4D00-A2AD-49E77148C966}
		{46862939-EECE-4C4D-9591-FE30E9B7381A} = {1BFEC040-0974-41DF-B363-295A926E0357}
		{D6497C2A-75BF-4A03-A56E-F7C3F82A482C} = {46862939-EECE-4C4D-9591-FE30E9B7381A}
		{BA81B10E-A8F1-4508-8CA0-AC023248E73B} = {BAF78C6F-93AA-4E88-AC62-0DC76EF10DD1}
		{27ADD6AB-1560-41BD-8114-EDB690B8FDA5} = {BA81B10E-A8F1-4508-8CA0-AC023248E73B}
		{95EA52E3-9C1F-4F0C-B9E4-9834AA67DCA1} = {BAF78C6F-93AA-4E88-AC62-0DC76EF10DD1}
		{2E8D172F-F433-43F4-B74F-E2E3A1C3ED5F} = {95EA52E3-9C1F-4F0C-B9E4-9834AA67DCA1}
		{5249C6AD-569A-426B-93AE-78CC325536D7} = {1BFEC040-0974-41DF-B363-295A926E0357}
		{AF2169B2-D3AB-44AB-8594-929E8C8B8B30} = {5249C6AD-569A-426B-93AE-78CC325536D7}
		{7DEF0B2E-C917-44D4-A7D7-07D8C5220594} = {BAF78C6F-93AA-4E88-AC62-0DC76EF10DD1}
		{16F01F4B-2D71-4142-B072-D058F758EE60} = {7DEF0B2E-C917-44D4-A7D7-07D8C5220594}
	EndGlobalSection
EndGlobal
